{
  "object": {
    "pins": [
      {
        "package": "RxOperators",
        "repositoryURL": "https://github.com/dankinsoid/RxOperators.git",
        "state": {
          "branch": null,
          "revision": "b39b9dbd49a2cda3a7423ce08b964a6f682cc1d3",
          "version": "2.8.0"
        }
      },
      {
        "package": "RxSwift",
        "repositoryURL": "https://github.com/ReactiveX/RxSwift.git",
        "state": {
          "branch": null,
          "revision": "7e01c05f25c025143073eaa3be3532f9375c614b",
          "version": "6.1.0"
        }
      },
      {
        "package": "VDFlow",
        "repositoryURL": "https://github.com/dankinsoid/VDFlow.git",
        "state": {
          "branch": null,
          "revision": "819f8ce2d7d220290d34bd85daa999d4550bdf9e",
          "version": "1.0.36"
        }
      },
      {
        "package": "VDKit",
        "repositoryURL": "https://github.com/dankinsoid/VDKit.git",
        "state": {
          "branch": null,
          "revision": "7f8f51254526c02876d531c72758e53c38f76725",
          "version": "1.10.0"
        }
      }
    ]
  },
  "version": 1
}
