{
  "object": {
    "pins": [
      {
        "package": "RxOperators",
        "repositoryURL": "https://github.com/dankinsoid/RxOperators.git",
        "state": {
          "branch": null,
          "revision": "b39b9dbd49a2cda3a7423ce08b964a6f682cc1d3",
          "version": "2.8.0"
        }
      },
      {
        "package": "RxSwift",
        "repositoryURL": "https://github.com/ReactiveX/RxSwift.git",
        "state": {
          "branch": null,
          "revision": "7e01c05f25c025143073eaa3be3532f9375c614b",
          "version": "6.1.0"
        }
      },
      {
        "package": "VDFlow",
        "repositoryURL": "https://github.com/dankinsoid/VDFlow.git",
        "state": {
          "branch": null,
          "revision": "32df22300a047dcb314f762cd9891fcd3997264a",
          "version": "1.3.0"
        }
      },
      {
        "package": "VDKit",
        "repositoryURL": "https://github.com/dankinsoid/VDKit.git",
        "state": {
          "branch": null,
          "revision": "5930c8ca9efa7d14932f71f10770c3b90bcb8979",
          "version": "1.72.0"
        }
      }
    ]
  },
  "version": 1
}
